
Microsoft Visual Studio Solution File, Format Version 12.00
# Visual Studio Version 16
VisualStudioVersion = 25.0.1706.7
MinimumVisualStudioVersion = 10.0.40219.1
Project("{FAE04EC0-301F-11D3-BF4B-00C04F79EFBC}") = "Tour_planner", "Tour_planner\Tour_planner.csproj", "{BE18D343-2F0A-4109-A60D-7488ABAD644D}"
EndProject
Global
	GlobalSection(SolutionConfigurationPlatforms) = preSolution
		Debug|Any CPU = Debug|Any CPU
		Release|Any CPU = Release|Any CPU
	EndGlobalSection
	GlobalSection(ProjectConfigurationPlatforms) = postSolution
		{BE18D343-2F0A-4109-A60D-7488ABAD644D}.Debug|Any CPU.ActiveCfg = Debug|Any CPU
		{BE18D343-2F0A-4109-A60D-7488ABAD644D}.Debug|Any CPU.Build.0 = Debug|Any CPU
		{BE18D343-2F0A-4109-A60D-7488ABAD644D}.Release|Any CPU.ActiveCfg = Release|Any CPU
		{BE18D343-2F0A-4109-A60D-7488ABAD644D}.Release|Any CPU.Build.0 = Release|Any CPU
	EndGlobalSection
	GlobalSection(SolutionProperties) = preSolution
		HideSolutionNode = FALSE
	EndGlobalSection
	GlobalSection(ExtensibilityGlobals) = postSolution
		SolutionGuid = {CC5B2871-FC14-4D31-85C8-FE41C609A2F2}
	EndGlobalSection
EndGlobal
